// !$*UTF8*$!
{
	archiveVersion = 1;
	classes = {
	};
	objectVersion = 56;
	objects = {

/* Begin PBXBuildFile section */
		714B034829EB1F8C003892B6 /* AppDelegate.swift in Sources */ = {isa = PBXBuildFile; fileRef = 714B034729EB1F8C003892B6 /* AppDelegate.swift */; };
		714B034A29EB1F8C003892B6 /* SceneDelegate.swift in Sources */ = {isa = PBXBuildFile; fileRef = 714B034929EB1F8C003892B6 /* SceneDelegate.swift */; };
		714B035129EB1F8C003892B6 /* Assets.xcassets in Resources */ = {isa = PBXBuildFile; fileRef = 714B035029EB1F8C003892B6 /* Assets.xcassets */; };
		714B035429EB1F8C003892B6 /* LaunchScreen.storyboard in Resources */ = {isa = PBXBuildFile; fileRef = 714B035229EB1F8C003892B6 /* LaunchScreen.storyboard */; };
		71B694F629EB2EF00032E2C8 /* LoginViewController.swift in Sources */ = {isa = PBXBuildFile; fileRef = 71B694F429EB2EF00032E2C8 /* LoginViewController.swift */; };
		71B694FA29EB2F160032E2C8 /* HomeViewController.swift in Sources */ = {isa = PBXBuildFile; fileRef = 71B694F829EB2F160032E2C8 /* HomeViewController.swift */; };
		71B694FE29EB2F2E0032E2C8 /* RegisterViewController.swift in Sources */ = {isa = PBXBuildFile; fileRef = 71B694FC29EB2F2E0032E2C8 /* RegisterViewController.swift */; };
		71B6954A29EB49C60032E2C8 /* LoginViewController.xib in Resources */ = {isa = PBXBuildFile; fileRef = 71B6954929EB49C60032E2C8 /* LoginViewController.xib */; };
		71B6954C29EB4A0C0032E2C8 /* HomeViewController.xib in Resources */ = {isa = PBXBuildFile; fileRef = 71B6954B29EB4A0C0032E2C8 /* HomeViewController.xib */; };
		71B6954D29EB4B690032E2C8 /* RegisterViewController.xib in Resources */ = {isa = PBXBuildFile; fileRef = 71B6954729EB48C70032E2C8 /* RegisterViewController.xib */; };
		71B74F6929EC2EE4001F9A9C /* FirebaseAnalytics in Frameworks */ = {isa = PBXBuildFile; productRef = 71B74F6829EC2EE4001F9A9C /* FirebaseAnalytics */; };
		71B74F6B29EC2EE4001F9A9C /* FirebaseAnalyticsOnDeviceConversion in Frameworks */ = {isa = PBXBuildFile; productRef = 71B74F6A29EC2EE4001F9A9C /* FirebaseAnalyticsOnDeviceConversion */; };
		71B74F6D29EC2EE4001F9A9C /* FirebaseAnalyticsSwift in Frameworks */ = {isa = PBXBuildFile; productRef = 71B74F6C29EC2EE4001F9A9C /* FirebaseAnalyticsSwift */; };
		71B74F6F29EC2EE4001F9A9C /* FirebaseAnalyticsWithoutAdIdSupport in Frameworks */ = {isa = PBXBuildFile; productRef = 71B74F6E29EC2EE4001F9A9C /* FirebaseAnalyticsWithoutAdIdSupport */; };
		71B74F7129EC2EE4001F9A9C /* FirebaseAppCheck in Frameworks */ = {isa = PBXBuildFile; productRef = 71B74F7029EC2EE4001F9A9C /* FirebaseAppCheck */; };
		71B74F7329EC2EE4001F9A9C /* FirebaseAppDistribution-Beta in Frameworks */ = {isa = PBXBuildFile; productRef = 71B74F7229EC2EE4001F9A9C /* FirebaseAppDistribution-Beta */; };
		71B74F7529EC2EE4001F9A9C /* FirebaseAuth in Frameworks */ = {isa = PBXBuildFile; productRef = 71B74F7429EC2EE4001F9A9C /* FirebaseAuth */; };
		71B74F7729EC2EE4001F9A9C /* FirebaseAuthCombine-Community in Frameworks */ = {isa = PBXBuildFile; productRef = 71B74F7629EC2EE4001F9A9C /* FirebaseAuthCombine-Community */; };
		71B74F7929EC2EE4001F9A9C /* FirebaseCrashlytics in Frameworks */ = {isa = PBXBuildFile; productRef = 71B74F7829EC2EE4001F9A9C /* FirebaseCrashlytics */; };
		71B74F7B29EC2EE4001F9A9C /* FirebaseDatabase in Frameworks */ = {isa = PBXBuildFile; productRef = 71B74F7A29EC2EE4001F9A9C /* FirebaseDatabase */; };
		71B74F7D29EC2EE4001F9A9C /* FirebaseDatabaseSwift in Frameworks */ = {isa = PBXBuildFile; productRef = 71B74F7C29EC2EE4001F9A9C /* FirebaseDatabaseSwift */; };
		71B74F7F29EC2EE4001F9A9C /* FirebaseDynamicLinks in Frameworks */ = {isa = PBXBuildFile; productRef = 71B74F7E29EC2EE4001F9A9C /* FirebaseDynamicLinks */; };
		71B74F8129EC2EE4001F9A9C /* FirebaseFirestore in Frameworks */ = {isa = PBXBuildFile; productRef = 71B74F8029EC2EE4001F9A9C /* FirebaseFirestore */; };
		71B74F8329EC2EE4001F9A9C /* FirebaseFirestoreCombine-Community in Frameworks */ = {isa = PBXBuildFile; productRef = 71B74F8229EC2EE4001F9A9C /* FirebaseFirestoreCombine-Community */; };
		71B74F8529EC2EE4001F9A9C /* FirebaseFirestoreSwift in Frameworks */ = {isa = PBXBuildFile; productRef = 71B74F8429EC2EE4001F9A9C /* FirebaseFirestoreSwift */; };
		71B74F8729EC2EE4001F9A9C /* FirebaseFunctions in Frameworks */ = {isa = PBXBuildFile; productRef = 71B74F8629EC2EE4001F9A9C /* FirebaseFunctions */; };
		71B74F8929EC2EE4001F9A9C /* FirebaseFunctionsCombine-Community in Frameworks */ = {isa = PBXBuildFile; productRef = 71B74F8829EC2EE4001F9A9C /* FirebaseFunctionsCombine-Community */; };
		71B74F8B29EC2EE4001F9A9C /* FirebaseInAppMessaging-Beta in Frameworks */ = {isa = PBXBuildFile; productRef = 71B74F8A29EC2EE4001F9A9C /* FirebaseInAppMessaging-Beta */; };
		71B74F8D29EC2EE4001F9A9C /* FirebaseInAppMessagingSwift-Beta in Frameworks */ = {isa = PBXBuildFile; productRef = 71B74F8C29EC2EE4001F9A9C /* FirebaseInAppMessagingSwift-Beta */; };
		71B74F8F29EC2EE4001F9A9C /* FirebaseInstallations in Frameworks */ = {isa = PBXBuildFile; productRef = 71B74F8E29EC2EE4001F9A9C /* FirebaseInstallations */; };
		71B74F9129EC2EE4001F9A9C /* FirebaseMLModelDownloader in Frameworks */ = {isa = PBXBuildFile; productRef = 71B74F9029EC2EE4001F9A9C /* FirebaseMLModelDownloader */; };
		71B74F9329EC2EE4001F9A9C /* FirebaseMessaging in Frameworks */ = {isa = PBXBuildFile; productRef = 71B74F9229EC2EE4001F9A9C /* FirebaseMessaging */; };
		71B74F9529EC2EE4001F9A9C /* FirebasePerformance in Frameworks */ = {isa = PBXBuildFile; productRef = 71B74F9429EC2EE4001F9A9C /* FirebasePerformance */; };
		71B74F9729EC2EE4001F9A9C /* FirebaseRemoteConfig in Frameworks */ = {isa = PBXBuildFile; productRef = 71B74F9629EC2EE4001F9A9C /* FirebaseRemoteConfig */; };
		71B74F9929EC2EE4001F9A9C /* FirebaseRemoteConfigSwift in Frameworks */ = {isa = PBXBuildFile; productRef = 71B74F9829EC2EE4001F9A9C /* FirebaseRemoteConfigSwift */; };
		71B74F9B29EC2EE4001F9A9C /* FirebaseStorage in Frameworks */ = {isa = PBXBuildFile; productRef = 71B74F9A29EC2EE4001F9A9C /* FirebaseStorage */; };
		71B74F9D29EC2EE4001F9A9C /* FirebaseStorageCombine-Community in Frameworks */ = {isa = PBXBuildFile; productRef = 71B74F9C29EC2EE4001F9A9C /* FirebaseStorageCombine-Community */; };
		71B74FA029EC2F35001F9A9C /* GoogleSignIn in Frameworks */ = {isa = PBXBuildFile; productRef = 71B74F9F29EC2F35001F9A9C /* GoogleSignIn */; };
		71B74FA229EC2F35001F9A9C /* GoogleSignInSwift in Frameworks */ = {isa = PBXBuildFile; productRef = 71B74FA129EC2F35001F9A9C /* GoogleSignInSwift */; };
		71B74FA629EC3247001F9A9C /* GoogleService-Info.plist in Resources */ = {isa = PBXBuildFile; fileRef = 71B74FA529EC3246001F9A9C /* GoogleService-Info.plist */; };
		71B74FA929EC39E7001F9A9C /* FacebookLogin in Frameworks */ = {isa = PBXBuildFile; productRef = 71B74FA829EC39E7001F9A9C /* FacebookLogin */; };
/* End PBXBuildFile section */

/* Begin PBXFileReference section */
		714B034429EB1F8C003892B6 /* Login with Firebase.app */ = {isa = PBXFileReference; explicitFileType = wrapper.application; includeInIndex = 0; path = "Login with Firebase.app"; sourceTree = BUILT_PRODUCTS_DIR; };
		714B034729EB1F8C003892B6 /* AppDelegate.swift */ = {isa = PBXFileReference; lastKnownFileType = sourcecode.swift; path = AppDelegate.swift; sourceTree = "<group>"; };
		714B034929EB1F8C003892B6 /* SceneDelegate.swift */ = {isa = PBXFileReference; lastKnownFileType = sourcecode.swift; path = SceneDelegate.swift; sourceTree = "<group>"; };
		714B035029EB1F8C003892B6 /* Assets.xcassets */ = {isa = PBXFileReference; lastKnownFileType = folder.assetcatalog; path = Assets.xcassets; sourceTree = "<group>"; };
		714B035329EB1F8C003892B6 /* Base */ = {isa = PBXFileReference; lastKnownFileType = file.storyboard; name = Base; path = Base.lproj/LaunchScreen.storyboard; sourceTree = "<group>"; };
		714B035529EB1F8C003892B6 /* Info.plist */ = {isa = PBXFileReference; lastKnownFileType = text.plist.xml; path = Info.plist; sourceTree = "<group>"; };
		71B694F429EB2EF00032E2C8 /* LoginViewController.swift */ = {isa = PBXFileReference; lastKnownFileType = sourcecode.swift; path = LoginViewController.swift; sourceTree = "<group>"; };
		71B694F829EB2F160032E2C8 /* HomeViewController.swift */ = {isa = PBXFileReference; lastKnownFileType = sourcecode.swift; path = HomeViewController.swift; sourceTree = "<group>"; };
		71B694FC29EB2F2E0032E2C8 /* RegisterViewController.swift */ = {isa = PBXFileReference; lastKnownFileType = sourcecode.swift; path = RegisterViewController.swift; sourceTree = "<group>"; };
		71B6954729EB48C70032E2C8 /* RegisterViewController.xib */ = {isa = PBXFileReference; lastKnownFileType = file.xib; path = RegisterViewController.xib; sourceTree = "<group>"; };
		71B6954929EB49C60032E2C8 /* LoginViewController.xib */ = {isa = PBXFileReference; lastKnownFileType = file.xib; path = LoginViewController.xib; sourceTree = "<group>"; };
		71B6954B29EB4A0C0032E2C8 /* HomeViewController.xib */ = {isa = PBXFileReference; lastKnownFileType = file.xib; path = HomeViewController.xib; sourceTree = "<group>"; };
		71B74FA529EC3246001F9A9C /* GoogleService-Info.plist */ = {isa = PBXFileReference; fileEncoding = 4; lastKnownFileType = text.plist.xml; path = "GoogleService-Info.plist"; sourceTree = "<group>"; };
		71B74FAA29EC3E37001F9A9C /* Login with Firebase.entitlements */ = {isa = PBXFileReference; lastKnownFileType = text.plist.entitlements; path = "Login with Firebase.entitlements"; sourceTree = "<group>"; };
/* End PBXFileReference section */

/* Begin PBXFrameworksBuildPhase section */
		714B034129EB1F8C003892B6 /* Frameworks */ = {
			isa = PBXFrameworksBuildPhase;
			buildActionMask = 2147483647;
			files = (
				71B74F7B29EC2EE4001F9A9C /* FirebaseDatabase in Frameworks */,
				71B74F8929EC2EE4001F9A9C /* FirebaseFunctionsCombine-Community in Frameworks */,
				71B74F8129EC2EE4001F9A9C /* FirebaseFirestore in Frameworks */,
				71B74F6D29EC2EE4001F9A9C /* FirebaseAnalyticsSwift in Frameworks */,
				71B74F6929EC2EE4001F9A9C /* FirebaseAnalytics in Frameworks */,
				71B74F6B29EC2EE4001F9A9C /* FirebaseAnalyticsOnDeviceConversion in Frameworks */,
				71B74F9129EC2EE4001F9A9C /* FirebaseMLModelDownloader in Frameworks */,
				71B74FA229EC2F35001F9A9C /* GoogleSignInSwift in Frameworks */,
				71B74F8529EC2EE4001F9A9C /* FirebaseFirestoreSwift in Frameworks */,
				71B74F7129EC2EE4001F9A9C /* FirebaseAppCheck in Frameworks */,
				71B74F6F29EC2EE4001F9A9C /* FirebaseAnalyticsWithoutAdIdSupport in Frameworks */,
				71B74F7529EC2EE4001F9A9C /* FirebaseAuth in Frameworks */,
				71B74F7929EC2EE4001F9A9C /* FirebaseCrashlytics in Frameworks */,
				71B74F9929EC2EE4001F9A9C /* FirebaseRemoteConfigSwift in Frameworks */,
				71B74FA029EC2F35001F9A9C /* GoogleSignIn in Frameworks */,
				71B74F8B29EC2EE4001F9A9C /* FirebaseInAppMessaging-Beta in Frameworks */,
				71B74F7D29EC2EE4001F9A9C /* FirebaseDatabaseSwift in Frameworks */,
				71B74F8729EC2EE4001F9A9C /* FirebaseFunctions in Frameworks */,
				71B74F9D29EC2EE4001F9A9C /* FirebaseStorageCombine-Community in Frameworks */,
				71B74F9729EC2EE4001F9A9C /* FirebaseRemoteConfig in Frameworks */,
				71B74FA929EC39E7001F9A9C /* FacebookLogin in Frameworks */,
				71B74F7329EC2EE4001F9A9C /* FirebaseAppDistribution-Beta in Frameworks */,
				71B74F7729EC2EE4001F9A9C /* FirebaseAuthCombine-Community in Frameworks */,
				71B74F9529EC2EE4001F9A9C /* FirebasePerformance in Frameworks */,
				71B74F8D29EC2EE4001F9A9C /* FirebaseInAppMessagingSwift-Beta in Frameworks */,
				71B74F9B29EC2EE4001F9A9C /* FirebaseStorage in Frameworks */,
				71B74F7F29EC2EE4001F9A9C /* FirebaseDynamicLinks in Frameworks */,
				71B74F8329EC2EE4001F9A9C /* FirebaseFirestoreCombine-Community in Frameworks */,
				71B74F9329EC2EE4001F9A9C /* FirebaseMessaging in Frameworks */,
				71B74F8F29EC2EE4001F9A9C /* FirebaseInstallations in Frameworks */,
			);
			runOnlyForDeploymentPostprocessing = 0;
		};
/* End PBXFrameworksBuildPhase section */

/* Begin PBXGroup section */
		714B033B29EB1F8B003892B6 = {
			isa = PBXGroup;
			children = (
				71B74FA529EC3246001F9A9C /* GoogleService-Info.plist */,
				71B694F329EB2ED70032E2C8 /* Controller */,
				71B694F229EB2ECE0032E2C8 /* View */,
				71B694F129EB2EC70032E2C8 /* Model */,
				714B034629EB1F8C003892B6 /* Login with Firebase */,
				714B034529EB1F8C003892B6 /* Products */,
			);
			sourceTree = "<group>";
		};
		714B034529EB1F8C003892B6 /* Products */ = {
			isa = PBXGroup;
			children = (
				714B034429EB1F8C003892B6 /* Login with Firebase.app */,
			);
			name = Products;
			sourceTree = "<group>";
		};
		714B034629EB1F8C003892B6 /* Login with Firebase */ = {
			isa = PBXGroup;
			children = (
				71B74FAA29EC3E37001F9A9C /* Login with Firebase.entitlements */,
				714B034729EB1F8C003892B6 /* AppDelegate.swift */,
				714B034929EB1F8C003892B6 /* SceneDelegate.swift */,
				714B035029EB1F8C003892B6 /* Assets.xcassets */,
				714B035229EB1F8C003892B6 /* LaunchScreen.storyboard */,
				714B035529EB1F8C003892B6 /* Info.plist */,
			);
			path = "Login with Firebase";
			sourceTree = "<group>";
		};
		71B694F129EB2EC70032E2C8 /* Model */ = {
			isa = PBXGroup;
			children = (
			);
			path = Model;
			sourceTree = "<group>";
		};
		71B694F229EB2ECE0032E2C8 /* View */ = {
			isa = PBXGroup;
			children = (
				71B6954729EB48C70032E2C8 /* RegisterViewController.xib */,
				71B6954929EB49C60032E2C8 /* LoginViewController.xib */,
				71B6954B29EB4A0C0032E2C8 /* HomeViewController.xib */,
			);
			path = View;
			sourceTree = "<group>";
		};
		71B694F329EB2ED70032E2C8 /* Controller */ = {
			isa = PBXGroup;
			children = (
				71B694F429EB2EF00032E2C8 /* LoginViewController.swift */,
				71B694F829EB2F160032E2C8 /* HomeViewController.swift */,
				71B694FC29EB2F2E0032E2C8 /* RegisterViewController.swift */,
			);
			path = Controller;
			sourceTree = "<group>";
		};
/* End PBXGroup section */

/* Begin PBXNativeTarget section */
		714B034329EB1F8C003892B6 /* Login with Firebase */ = {
			isa = PBXNativeTarget;
			buildConfigurationList = 714B035829EB1F8C003892B6 /* Build configuration list for PBXNativeTarget "Login with Firebase" */;
			buildPhases = (
				714B034029EB1F8C003892B6 /* Sources */,
				714B034129EB1F8C003892B6 /* Frameworks */,
				714B034229EB1F8C003892B6 /* Resources */,
			);
			buildRules = (
			);
			dependencies = (
			);
			name = "Login with Firebase";
			packageProductDependencies = (
				71B74F6829EC2EE4001F9A9C /* FirebaseAnalytics */,
				71B74F6A29EC2EE4001F9A9C /* FirebaseAnalyticsOnDeviceConversion */,
				71B74F6C29EC2EE4001F9A9C /* FirebaseAnalyticsSwift */,
				71B74F6E29EC2EE4001F9A9C /* FirebaseAnalyticsWithoutAdIdSupport */,
				71B74F7029EC2EE4001F9A9C /* FirebaseAppCheck */,
				71B74F7229EC2EE4001F9A9C /* FirebaseAppDistribution-Beta */,
				71B74F7429EC2EE4001F9A9C /* FirebaseAuth */,
				71B74F7629EC2EE4001F9A9C /* FirebaseAuthCombine-Community */,
				71B74F7829EC2EE4001F9A9C /* FirebaseCrashlytics */,
				71B74F7A29EC2EE4001F9A9C /* FirebaseDatabase */,
				71B74F7C29EC2EE4001F9A9C /* FirebaseDatabaseSwift */,
				71B74F7E29EC2EE4001F9A9C /* FirebaseDynamicLinks */,
				71B74F8029EC2EE4001F9A9C /* FirebaseFirestore */,
				71B74F8229EC2EE4001F9A9C /* FirebaseFirestoreCombine-Community */,
				71B74F8429EC2EE4001F9A9C /* FirebaseFirestoreSwift */,
				71B74F8629EC2EE4001F9A9C /* FirebaseFunctions */,
				71B74F8829EC2EE4001F9A9C /* FirebaseFunctionsCombine-Community */,
				71B74F8A29EC2EE4001F9A9C /* FirebaseInAppMessaging-Beta */,
				71B74F8C29EC2EE4001F9A9C /* FirebaseInAppMessagingSwift-Beta */,
				71B74F8E29EC2EE4001F9A9C /* FirebaseInstallations */,
				71B74F9029EC2EE4001F9A9C /* FirebaseMLModelDownloader */,
				71B74F9229EC2EE4001F9A9C /* FirebaseMessaging */,
				71B74F9429EC2EE4001F9A9C /* FirebasePerformance */,
				71B74F9629EC2EE4001F9A9C /* FirebaseRemoteConfig */,
				71B74F9829EC2EE4001F9A9C /* FirebaseRemoteConfigSwift */,
				71B74F9A29EC2EE4001F9A9C /* FirebaseStorage */,
				71B74F9C29EC2EE4001F9A9C /* FirebaseStorageCombine-Community */,
				71B74F9F29EC2F35001F9A9C /* GoogleSignIn */,
				71B74FA129EC2F35001F9A9C /* GoogleSignInSwift */,
				71B74FA829EC39E7001F9A9C /* FacebookLogin */,
			);
			productName = "Login with Firebase";
			productReference = 714B034429EB1F8C003892B6 /* Login with Firebase.app */;
			productType = "com.apple.product-type.application";
		};
/* End PBXNativeTarget section */

/* Begin PBXProject section */
		714B033C29EB1F8B003892B6 /* Project object */ = {
			isa = PBXProject;
			attributes = {
				BuildIndependentTargetsInParallel = 1;
				LastSwiftUpdateCheck = 1420;
				LastUpgradeCheck = 1420;
				TargetAttributes = {
					714B034329EB1F8C003892B6 = {
						CreatedOnToolsVersion = 14.2;
					};
				};
			};
			buildConfigurationList = 714B033F29EB1F8B003892B6 /* Build configuration list for PBXProject "Login with Firebase" */;
			compatibilityVersion = "Xcode 14.0";
			developmentRegion = en;
			hasScannedForEncodings = 0;
			knownRegions = (
				en,
				Base,
			);
			mainGroup = 714B033B29EB1F8B003892B6;
			packageReferences = (
				71B74F6729EC2EE4001F9A9C /* XCRemoteSwiftPackageReference "firebase-ios-sdk" */,
				71B74F9E29EC2F35001F9A9C /* XCRemoteSwiftPackageReference "GoogleSignIn-iOS" */,
				71B74FA729EC39E6001F9A9C /* XCRemoteSwiftPackageReference "facebook-ios-sdk" */,
			);
			productRefGroup = 714B034529EB1F8C003892B6 /* Products */;
			projectDirPath = "";
			projectRoot = "";
			targets = (
				714B034329EB1F8C003892B6 /* Login with Firebase */,
			);
		};
/* End PBXProject section */

/* Begin PBXResourcesBuildPhase section */
		714B034229EB1F8C003892B6 /* Resources */ = {
			isa = PBXResourcesBuildPhase;
			buildActionMask = 2147483647;
			files = (
				714B035429EB1F8C003892B6 /* LaunchScreen.storyboard in Resources */,
				71B6954A29EB49C60032E2C8 /* LoginViewController.xib in Resources */,
				714B035129EB1F8C003892B6 /* Assets.xcassets in Resources */,
				71B6954C29EB4A0C0032E2C8 /* HomeViewController.xib in Resources */,
				71B6954D29EB4B690032E2C8 /* RegisterViewController.xib in Resources */,
				71B74FA629EC3247001F9A9C /* GoogleService-Info.plist in Resources */,
			);
			runOnlyForDeploymentPostprocessing = 0;
		};
/* End PBXResourcesBuildPhase section */

/* Begin PBXSourcesBuildPhase section */
		714B034029EB1F8C003892B6 /* Sources */ = {
			isa = PBXSourcesBuildPhase;
			buildActionMask = 2147483647;
			files = (
				71B694F629EB2EF00032E2C8 /* LoginViewController.swift in Sources */,
				71B694FE29EB2F2E0032E2C8 /* RegisterViewController.swift in Sources */,
				714B034829EB1F8C003892B6 /* AppDelegate.swift in Sources */,
				714B034A29EB1F8C003892B6 /* SceneDelegate.swift in Sources */,
				71B694FA29EB2F160032E2C8 /* HomeViewController.swift in Sources */,
			);
			runOnlyForDeploymentPostprocessing = 0;
		};
/* End PBXSourcesBuildPhase section */

/* Begin PBXVariantGroup section */
		714B035229EB1F8C003892B6 /* LaunchScreen.storyboard */ = {
			isa = PBXVariantGroup;
			children = (
				714B035329EB1F8C003892B6 /* Base */,
			);
			name = LaunchScreen.storyboard;
			sourceTree = "<group>";
		};
/* End PBXVariantGroup section */

/* Begin XCBuildConfiguration section */
		714B035629EB1F8C003892B6 /* Debug */ = {
			isa = XCBuildConfiguration;
			buildSettings = {
				ALWAYS_SEARCH_USER_PATHS = NO;
				CLANG_ANALYZER_NONNULL = YES;
				CLANG_ANALYZER_NUMBER_OBJECT_CONVERSION = YES_AGGRESSIVE;
				CLANG_CXX_LANGUAGE_STANDARD = "gnu++20";
				CLANG_ENABLE_MODULES = YES;
				CLANG_ENABLE_OBJC_ARC = YES;
				CLANG_ENABLE_OBJC_WEAK = YES;
				CLANG_WARN_BLOCK_CAPTURE_AUTORELEASING = YES;
				CLANG_WARN_BOOL_CONVERSION = YES;
				CLANG_WARN_COMMA = YES;
				CLANG_WARN_CONSTANT_CONVERSION = YES;
				CLANG_WARN_DEPRECATED_OBJC_IMPLEMENTATIONS = YES;
				CLANG_WARN_DIRECT_OBJC_ISA_USAGE = YES_ERROR;
				CLANG_WARN_DOCUMENTATION_COMMENTS = YES;
				CLANG_WARN_EMPTY_BODY = YES;
				CLANG_WARN_ENUM_CONVERSION = YES;
				CLANG_WARN_INFINITE_RECURSION = YES;
				CLANG_WARN_INT_CONVERSION = YES;
				CLANG_WARN_NON_LITERAL_NULL_CONVERSION = YES;
				CLANG_WARN_OBJC_IMPLICIT_RETAIN_SELF = YES;
				CLANG_WARN_OBJC_LITERAL_CONVERSION = YES;
				CLANG_WARN_OBJC_ROOT_CLASS = YES_ERROR;
				CLANG_WARN_QUOTED_INCLUDE_IN_FRAMEWORK_HEADER = YES;
				CLANG_WARN_RANGE_LOOP_ANALYSIS = YES;
				CLANG_WARN_STRICT_PROTOTYPES = YES;
				CLANG_WARN_SUSPICIOUS_MOVE = YES;
				CLANG_WARN_UNGUARDED_AVAILABILITY = YES_AGGRESSIVE;
				CLANG_WARN_UNREACHABLE_CODE = YES;
				CLANG_WARN__DUPLICATE_METHOD_MATCH = YES;
				COPY_PHASE_STRIP = NO;
				DEBUG_INFORMATION_FORMAT = dwarf;
				ENABLE_STRICT_OBJC_MSGSEND = YES;
				ENABLE_TESTABILITY = YES;
				GCC_C_LANGUAGE_STANDARD = gnu11;
				GCC_DYNAMIC_NO_PIC = NO;
				GCC_NO_COMMON_BLOCKS = YES;
				GCC_OPTIMIZATION_LEVEL = 0;
				GCC_PREPROCESSOR_DEFINITIONS = (
					"DEBUG=1",
					"$(inherited)",
				);
				GCC_WARN_64_TO_32_BIT_CONVERSION = YES;
				GCC_WARN_ABOUT_RETURN_TYPE = YES_ERROR;
				GCC_WARN_UNDECLARED_SELECTOR = YES;
				GCC_WARN_UNINITIALIZED_AUTOS = YES_AGGRESSIVE;
				GCC_WARN_UNUSED_FUNCTION = YES;
				GCC_WARN_UNUSED_VARIABLE = YES;
				IPHONEOS_DEPLOYMENT_TARGET = 16.2;
				MTL_ENABLE_DEBUG_INFO = INCLUDE_SOURCE;
				MTL_FAST_MATH = YES;
				ONLY_ACTIVE_ARCH = YES;
				SDKROOT = iphoneos;
				SWIFT_ACTIVE_COMPILATION_CONDITIONS = DEBUG;
				SWIFT_OPTIMIZATION_LEVEL = "-Onone";
			};
			name = Debug;
		};
		714B035729EB1F8C003892B6 /* Release */ = {
			isa = XCBuildConfiguration;
			buildSettings = {
				ALWAYS_SEARCH_USER_PATHS = NO;
				CLANG_ANALYZER_NONNULL = YES;
				CLANG_ANALYZER_NUMBER_OBJECT_CONVERSION = YES_AGGRESSIVE;
				CLANG_CXX_LANGUAGE_STANDARD = "gnu++20";
				CLANG_ENABLE_MODULES = YES;
				CLANG_ENABLE_OBJC_ARC = YES;
				CLANG_ENABLE_OBJC_WEAK = YES;
				CLANG_WARN_BLOCK_CAPTURE_AUTORELEASING = YES;
				CLANG_WARN_BOOL_CONVERSION = YES;
				CLANG_WARN_COMMA = YES;
				CLANG_WARN_CONSTANT_CONVERSION = YES;
				CLANG_WARN_DEPRECATED_OBJC_IMPLEMENTATIONS = YES;
				CLANG_WARN_DIRECT_OBJC_ISA_USAGE = YES_ERROR;
				CLANG_WARN_DOCUMENTATION_COMMENTS = YES;
				CLANG_WARN_EMPTY_BODY = YES;
				CLANG_WARN_ENUM_CONVERSION = YES;
				CLANG_WARN_INFINITE_RECURSION = YES;
				CLANG_WARN_INT_CONVERSION = YES;
				CLANG_WARN_NON_LITERAL_NULL_CONVERSION = YES;
				CLANG_WARN_OBJC_IMPLICIT_RETAIN_SELF = YES;
				CLANG_WARN_OBJC_LITERAL_CONVERSION = YES;
				CLANG_WARN_OBJC_ROOT_CLASS = YES_ERROR;
				CLANG_WARN_QUOTED_INCLUDE_IN_FRAMEWORK_HEADER = YES;
				CLANG_WARN_RANGE_LOOP_ANALYSIS = YES;
				CLANG_WARN_STRICT_PROTOTYPES = YES;
				CLANG_WARN_SUSPICIOUS_MOVE = YES;
				CLANG_WARN_UNGUARDED_AVAILABILITY = YES_AGGRESSIVE;
				CLANG_WARN_UNREACHABLE_CODE = YES;
				CLANG_WARN__DUPLICATE_METHOD_MATCH = YES;
				COPY_PHASE_STRIP = NO;
				DEBUG_INFORMATION_FORMAT = "dwarf-with-dsym";
				ENABLE_NS_ASSERTIONS = NO;
				ENABLE_STRICT_OBJC_MSGSEND = YES;
				GCC_C_LANGUAGE_STANDARD = gnu11;
				GCC_NO_COMMON_BLOCKS = YES;
				GCC_WARN_64_TO_32_BIT_CONVERSION = YES;
				GCC_WARN_ABOUT_RETURN_TYPE = YES_ERROR;
				GCC_WARN_UNDECLARED_SELECTOR = YES;
				GCC_WARN_UNINITIALIZED_AUTOS = YES_AGGRESSIVE;
				GCC_WARN_UNUSED_FUNCTION = YES;
				GCC_WARN_UNUSED_VARIABLE = YES;
				IPHONEOS_DEPLOYMENT_TARGET = 16.2;
				MTL_ENABLE_DEBUG_INFO = NO;
				MTL_FAST_MATH = YES;
				SDKROOT = iphoneos;
				SWIFT_COMPILATION_MODE = wholemodule;
				SWIFT_OPTIMIZATION_LEVEL = "-O";
				VALIDATE_PRODUCT = YES;
			};
			name = Release;
		};
		714B035929EB1F8C003892B6 /* Debug */ = {
			isa = XCBuildConfiguration;
			buildSettings = {
				ASSETCATALOG_COMPILER_APPICON_NAME = AppIcon;
				ASSETCATALOG_COMPILER_GLOBAL_ACCENT_COLOR_NAME = AccentColor;
				CODE_SIGN_ENTITLEMENTS = "Login with Firebase/Login with Firebase.entitlements";
				CODE_SIGN_STYLE = Automatic;
				CURRENT_PROJECT_VERSION = 1;
				DEVELOPMENT_TEAM = KS2MULFBQN;
				GENERATE_INFOPLIST_FILE = YES;
				INFOPLIST_FILE = "Login with Firebase/Info.plist";
				INFOPLIST_KEY_UIApplicationSupportsIndirectInputEvents = YES;
				INFOPLIST_KEY_UILaunchStoryboardName = LaunchScreen;
				INFOPLIST_KEY_UIMainStoryboardFile = "";
				INFOPLIST_KEY_UISupportedInterfaceOrientations_iPad = "UIInterfaceOrientationPortrait UIInterfaceOrientationPortraitUpsideDown UIInterfaceOrientationLandscapeLeft UIInterfaceOrientationLandscapeRight";
				INFOPLIST_KEY_UISupportedInterfaceOrientations_iPhone = "UIInterfaceOrientationPortrait UIInterfaceOrientationLandscapeLeft UIInterfaceOrientationLandscapeRight";
				LD_RUNPATH_SEARCH_PATHS = (
					"$(inherited)",
					"@executable_path/Frameworks",
				);
				MARKETING_VERSION = 1.0;
				PRODUCT_BUNDLE_IDENTIFIER = "com.marinaandres.Login-with-Firebase";
				PRODUCT_NAME = "$(TARGET_NAME)";
				SWIFT_EMIT_LOC_STRINGS = YES;
				SWIFT_VERSION = 5.0;
				TARGETED_DEVICE_FAMILY = "1,2";
			};
			name = Debug;
		};
		714B035A29EB1F8C003892B6 /* Release */ = {
			isa = XCBuildConfiguration;
			buildSettings = {
				ASSETCATALOG_COMPILER_APPICON_NAME = AppIcon;
				ASSETCATALOG_COMPILER_GLOBAL_ACCENT_COLOR_NAME = AccentColor;
				CODE_SIGN_ENTITLEMENTS = "Login with Firebase/Login with Firebase.entitlements";
				CODE_SIGN_STYLE = Automatic;
				CURRENT_PROJECT_VERSION = 1;
				DEVELOPMENT_TEAM = KS2MULFBQN;
				GENERATE_INFOPLIST_FILE = YES;
				INFOPLIST_FILE = "Login with Firebase/Info.plist";
				INFOPLIST_KEY_UIApplicationSupportsIndirectInputEvents = YES;
				INFOPLIST_KEY_UILaunchStoryboardName = LaunchScreen;
				INFOPLIST_KEY_UIMainStoryboardFile = "";
				INFOPLIST_KEY_UISupportedInterfaceOrientations_iPad = "UIInterfaceOrientationPortrait UIInterfaceOrientationPortraitUpsideDown UIInterfaceOrientationLandscapeLeft UIInterfaceOrientationLandscapeRight";
				INFOPLIST_KEY_UISupportedInterfaceOrientations_iPhone = "UIInterfaceOrientationPortrait UIInterfaceOrientationLandscapeLeft UIInterfaceOrientationLandscapeRight";
				LD_RUNPATH_SEARCH_PATHS = (
					"$(inherited)",
					"@executable_path/Frameworks",
				);
				MARKETING_VERSION = 1.0;
				PRODUCT_BUNDLE_IDENTIFIER = "com.marinaandres.Login-with-Firebase";
				PRODUCT_NAME = "$(TARGET_NAME)";
				SWIFT_EMIT_LOC_STRINGS = YES;
				SWIFT_VERSION = 5.0;
				TARGETED_DEVICE_FAMILY = "1,2";
			};
			name = Release;
		};
/* End XCBuildConfiguration section */

/* Begin XCConfigurationList section */
		714B033F29EB1F8B003892B6 /* Build configuration list for PBXProject "Login with Firebase" */ = {
			isa = XCConfigurationList;
			buildConfigurations = (
				714B035629EB1F8C003892B6 /* Debug */,
				714B035729EB1F8C003892B6 /* Release */,
			);
			defaultConfigurationIsVisible = 0;
			defaultConfigurationName = Release;
		};
		714B035829EB1F8C003892B6 /* Build configuration list for PBXNativeTarget "Login with Firebase" */ = {
			isa = XCConfigurationList;
			buildConfigurations = (
				714B035929EB1F8C003892B6 /* Debug */,
				714B035A29EB1F8C003892B6 /* Release */,
			);
			defaultConfigurationIsVisible = 0;
			defaultConfigurationName = Release;
		};
/* End XCConfigurationList section */

/* Begin XCRemoteSwiftPackageReference section */
		71B74F6729EC2EE4001F9A9C /* XCRemoteSwiftPackageReference "firebase-ios-sdk" */ = {
			isa = XCRemoteSwiftPackageReference;
			repositoryURL = "https://github.com/firebase/firebase-ios-sdk.git";
			requirement = {
				kind = upToNextMajorVersion;
				minimumVersion = 9.0.0;
			};
		};
		71B74F9E29EC2F35001F9A9C /* XCRemoteSwiftPackageReference "GoogleSignIn-iOS" */ = {
			isa = XCRemoteSwiftPackageReference;
			repositoryURL = "https://github.com/google/GoogleSignIn-iOS";
			requirement = {
				kind = upToNextMajorVersion;
				minimumVersion = 7.0.0;
			};
		};
		71B74FA729EC39E6001F9A9C /* XCRemoteSwiftPackageReference "facebook-ios-sdk" */ = {
			isa = XCRemoteSwiftPackageReference;
			repositoryURL = "https://github.com/facebook/facebook-ios-sdk.git";
			requirement = {
				kind = upToNextMajorVersion;
				minimumVersion = 9.0.0;
			};
		};
/* End XCRemoteSwiftPackageReference section */

/* Begin XCSwiftPackageProductDependency section */
		71B74F6829EC2EE4001F9A9C /* FirebaseAnalytics */ = {
			isa = XCSwiftPackageProductDependency;
			package = 71B74F6729EC2EE4001F9A9C /* XCRemoteSwiftPackageReference "firebase-ios-sdk" */;
			productName = FirebaseAnalytics;
		};
		71B74F6A29EC2EE4001F9A9C /* FirebaseAnalyticsOnDeviceConversion */ = {
			isa = XCSwiftPackageProductDependency;
			package = 71B74F6729EC2EE4001F9A9C /* XCRemoteSwiftPackageReference "firebase-ios-sdk" */;
			productName = FirebaseAnalyticsOnDeviceConversion;
		};
		71B74F6C29EC2EE4001F9A9C /* FirebaseAnalyticsSwift */ = {
			isa = XCSwiftPackageProductDependency;
			package = 71B74F6729EC2EE4001F9A9C /* XCRemoteSwiftPackageReference "firebase-ios-sdk" */;
			productName = FirebaseAnalyticsSwift;
		};
		71B74F6E29EC2EE4001F9A9C /* FirebaseAnalyticsWithoutAdIdSupport */ = {
			isa = XCSwiftPackageProductDependency;
			package = 71B74F6729EC2EE4001F9A9C /* XCRemoteSwiftPackageReference "firebase-ios-sdk" */;
			productName = FirebaseAnalyticsWithoutAdIdSupport;
		};
		71B74F7029EC2EE4001F9A9C /* FirebaseAppCheck */ = {
			isa = XCSwiftPackageProductDependency;
			package = 71B74F6729EC2EE4001F9A9C /* XCRemoteSwiftPackageReference "firebase-ios-sdk" */;
			productName = FirebaseAppCheck;
		};
		71B74F7229EC2EE4001F9A9C /* FirebaseAppDistribution-Beta */ = {
			isa = XCSwiftPackageProductDependency;
			package = 71B74F6729EC2EE4001F9A9C /* XCRemoteSwiftPackageReference "firebase-ios-sdk" */;
			productName = "FirebaseAppDistribution-Beta";
		};
		71B74F7429EC2EE4001F9A9C /* FirebaseAuth */ = {
			isa = XCSwiftPackageProductDependency;
			package = 71B74F6729EC2EE4001F9A9C /* XCRemoteSwiftPackageReference "firebase-ios-sdk" */;
			productName = FirebaseAuth;
		};
		71B74F7629EC2EE4001F9A9C /* FirebaseAuthCombine-Community */ = {
			isa = XCSwiftPackageProductDependency;
			package = 71B74F6729EC2EE4001F9A9C /* XCRemoteSwiftPackageReference "firebase-ios-sdk" */;
			productName = "FirebaseAuthCombine-Community";
		};
		71B74F7829EC2EE4001F9A9C /* FirebaseCrashlytics */ = {
			isa = XCSwiftPackageProductDependency;
			package = 71B74F6729EC2EE4001F9A9C /* XCRemoteSwiftPackageReference "firebase-ios-sdk" */;
			productName = FirebaseCrashlytics;
		};
		71B74F7A29EC2EE4001F9A9C /* FirebaseDatabase */ = {
			isa = XCSwiftPackageProductDependency;
			package = 71B74F6729EC2EE4001F9A9C /* XCRemoteSwiftPackageReference "firebase-ios-sdk" */;
			productName = FirebaseDatabase;
		};
		71B74F7C29EC2EE4001F9A9C /* FirebaseDatabaseSwift */ = {
			isa = XCSwiftPackageProductDependency;
			package = 71B74F6729EC2EE4001F9A9C /* XCRemoteSwiftPackageReference "firebase-ios-sdk" */;
			productName = FirebaseDatabaseSwift;
		};
		71B74F7E29EC2EE4001F9A9C /* FirebaseDynamicLinks */ = {
			isa = XCSwiftPackageProductDependency;
			package = 71B74F6729EC2EE4001F9A9C /* XCRemoteSwiftPackageReference "firebase-ios-sdk" */;
			productName = FirebaseDynamicLinks;
		};
		71B74F8029EC2EE4001F9A9C /* FirebaseFirestore */ = {
			isa = XCSwiftPackageProductDependency;
			package = 71B74F6729EC2EE4001F9A9C /* XCRemoteSwiftPackageReference "firebase-ios-sdk" */;
			productName = FirebaseFirestore;
		};
		71B74F8229EC2EE4001F9A9C /* FirebaseFirestoreCombine-Community */ = {
			isa = XCSwiftPackageProductDependency;
			package = 71B74F6729EC2EE4001F9A9C /* XCRemoteSwiftPackageReference "firebase-ios-sdk" */;
			productName = "FirebaseFirestoreCombine-Community";
		};
		71B74F8429EC2EE4001F9A9C /* FirebaseFirestoreSwift */ = {
			isa = XCSwiftPackageProductDependency;
			package = 71B74F6729EC2EE4001F9A9C /* XCRemoteSwiftPackageReference "firebase-ios-sdk" */;
			productName = FirebaseFirestoreSwift;
		};
		71B74F8629EC2EE4001F9A9C /* FirebaseFunctions */ = {
			isa = XCSwiftPackageProductDependency;
			package = 71B74F6729EC2EE4001F9A9C /* XCRemoteSwiftPackageReference "firebase-ios-sdk" */;
			productName = FirebaseFunctions;
		};
		71B74F8829EC2EE4001F9A9C /* FirebaseFunctionsCombine-Community */ = {
			isa = XCSwiftPackageProductDependency;
			package = 71B74F6729EC2EE4001F9A9C /* XCRemoteSwiftPackageReference "firebase-ios-sdk" */;
			productName = "FirebaseFunctionsCombine-Community";
		};
		71B74F8A29EC2EE4001F9A9C /* FirebaseInAppMessaging-Beta */ = {
			isa = XCSwiftPackageProductDependency;
			package = 71B74F6729EC2EE4001F9A9C /* XCRemoteSwiftPackageReference "firebase-ios-sdk" */;
			productName = "FirebaseInAppMessaging-Beta";
		};
		71B74F8C29EC2EE4001F9A9C /* FirebaseInAppMessagingSwift-Beta */ = {
			isa = XCSwiftPackageProductDependency;
			package = 71B74F6729EC2EE4001F9A9C /* XCRemoteSwiftPackageReference "firebase-ios-sdk" */;
			productName = "FirebaseInAppMessagingSwift-Beta";
		};
		71B74F8E29EC2EE4001F9A9C /* FirebaseInstallations */ = {
			isa = XCSwiftPackageProductDependency;
			package = 71B74F6729EC2EE4001F9A9C /* XCRemoteSwiftPackageReference "firebase-ios-sdk" */;
			productName = FirebaseInstallations;
		};
		71B74F9029EC2EE4001F9A9C /* FirebaseMLModelDownloader */ = {
			isa = XCSwiftPackageProductDependency;
			package = 71B74F6729EC2EE4001F9A9C /* XCRemoteSwiftPackageReference "firebase-ios-sdk" */;
			productName = FirebaseMLModelDownloader;
		};
		71B74F9229EC2EE4001F9A9C /* FirebaseMessaging */ = {
			isa = XCSwiftPackageProductDependency;
			package = 71B74F6729EC2EE4001F9A9C /* XCRemoteSwiftPackageReference "firebase-ios-sdk" */;
			productName = FirebaseMessaging;
		};
		71B74F9429EC2EE4001F9A9C /* FirebasePerformance */ = {
			isa = XCSwiftPackageProductDependency;
			package = 71B74F6729EC2EE4001F9A9C /* XCRemoteSwiftPackageReference "firebase-ios-sdk" */;
			productName = FirebasePerformance;
		};
		71B74F9629EC2EE4001F9A9C /* FirebaseRemoteConfig */ = {
			isa = XCSwiftPackageProductDependency;
			package = 71B74F6729EC2EE4001F9A9C /* XCRemoteSwiftPackageReference "firebase-ios-sdk" */;
			productName = FirebaseRemoteConfig;
		};
		71B74F9829EC2EE4001F9A9C /* FirebaseRemoteConfigSwift */ = {
			isa = XCSwiftPackageProductDependency;
			package = 71B74F6729EC2EE4001F9A9C /* XCRemoteSwiftPackageReference "firebase-ios-sdk" */;
			productName = FirebaseRemoteConfigSwift;
		};
		71B74F9A29EC2EE4001F9A9C /* FirebaseStorage */ = {
			isa = XCSwiftPackageProductDependency;
			package = 71B74F6729EC2EE4001F9A9C /* XCRemoteSwiftPackageReference "firebase-ios-sdk" */;
			productName = FirebaseStorage;
		};
		71B74F9C29EC2EE4001F9A9C /* FirebaseStorageCombine-Community */ = {
			isa = XCSwiftPackageProductDependency;
			package = 71B74F6729EC2EE4001F9A9C /* XCRemoteSwiftPackageReference "firebase-ios-sdk" */;
			productName = "FirebaseStorageCombine-Community";
		};
		71B74F9F29EC2F35001F9A9C /* GoogleSignIn */ = {
			isa = XCSwiftPackageProductDependency;
			package = 71B74F9E29EC2F35001F9A9C /* XCRemoteSwiftPackageReference "GoogleSignIn-iOS" */;
			productName = GoogleSignIn;
		};
		71B74FA129EC2F35001F9A9C /* GoogleSignInSwift */ = {
			isa = XCSwiftPackageProductDependency;
			package = 71B74F9E29EC2F35001F9A9C /* XCRemoteSwiftPackageReference "GoogleSignIn-iOS" */;
			productName = GoogleSignInSwift;
		};
		71B74FA829EC39E7001F9A9C /* FacebookLogin */ = {
			isa = XCSwiftPackageProductDependency;
			package = 71B74FA729EC39E6001F9A9C /* XCRemoteSwiftPackageReference "facebook-ios-sdk" */;
			productName = FacebookLogin;
		};
/* End XCSwiftPackageProductDependency section */
	};
	rootObject = 714B033C29EB1F8B003892B6 /* Project object */;
}
