// !$*UTF8*$!
{
	archiveVersion = 1;
	classes = {
	};
	objectVersion = 56;
	objects = {

/* Begin PBXBuildFile section */
		714B034829EB1F8C003892B6 /* AppDelegate.swift in Sources */ = {isa = PBXBuildFile; fileRef = 714B034729EB1F8C003892B6 /* AppDelegate.swift */; };
		714B034A29EB1F8C003892B6 /* SceneDelegate.swift in Sources */ = {isa = PBXBuildFile; fileRef = 714B034929EB1F8C003892B6 /* SceneDelegate.swift */; };
		714B035129EB1F8C003892B6 /* Assets.xcassets in Resources */ = {isa = PBXBuildFile; fileRef = 714B035029EB1F8C003892B6 /* Assets.xcassets */; };
		714B035429EB1F8C003892B6 /* LaunchScreen.storyboard in Resources */ = {isa = PBXBuildFile; fileRef = 714B035229EB1F8C003892B6 /* LaunchScreen.storyboard */; };
		71B694F629EB2EF00032E2C8 /* LoginViewController.swift in Sources */ = {isa = PBXBuildFile; fileRef = 71B694F429EB2EF00032E2C8 /* LoginViewController.swift */; };
		71B694F729EB2EF00032E2C8 /* LoginViewController.xib in Resources */ = {isa = PBXBuildFile; fileRef = 71B694F529EB2EF00032E2C8 /* LoginViewController.xib */; };
		71B694FA29EB2F160032E2C8 /* HomeViewController.swift in Sources */ = {isa = PBXBuildFile; fileRef = 71B694F829EB2F160032E2C8 /* HomeViewController.swift */; };
		71B694FB29EB2F160032E2C8 /* HomeViewController.xib in Resources */ = {isa = PBXBuildFile; fileRef = 71B694F929EB2F160032E2C8 /* HomeViewController.xib */; };
		71B694FE29EB2F2E0032E2C8 /* RegisterViewController.swift in Sources */ = {isa = PBXBuildFile; fileRef = 71B694FC29EB2F2E0032E2C8 /* RegisterViewController.swift */; };
		71B694FF29EB2F2E0032E2C8 /* RegisterViewController.xib in Resources */ = {isa = PBXBuildFile; fileRef = 71B694FD29EB2F2E0032E2C8 /* RegisterViewController.xib */; };
		71B6950329EB30E70032E2C8 /* GoogleService-Info.plist in Resources */ = {isa = PBXBuildFile; fileRef = 71B6950229EB30E70032E2C8 /* GoogleService-Info.plist */; };
		71B6950629EB31C30032E2C8 /* FirebaseAnalytics in Frameworks */ = {isa = PBXBuildFile; productRef = 71B6950529EB31C30032E2C8 /* FirebaseAnalytics */; };
		71B6950829EB31C30032E2C8 /* FirebaseAnalyticsOnDeviceConversion in Frameworks */ = {isa = PBXBuildFile; productRef = 71B6950729EB31C30032E2C8 /* FirebaseAnalyticsOnDeviceConversion */; };
		71B6950A29EB31C30032E2C8 /* FirebaseAnalyticsSwift in Frameworks */ = {isa = PBXBuildFile; productRef = 71B6950929EB31C30032E2C8 /* FirebaseAnalyticsSwift */; };
		71B6950C29EB31C30032E2C8 /* FirebaseAnalyticsWithoutAdIdSupport in Frameworks */ = {isa = PBXBuildFile; productRef = 71B6950B29EB31C30032E2C8 /* FirebaseAnalyticsWithoutAdIdSupport */; };
		71B6950E29EB31C30032E2C8 /* FirebaseAppCheck in Frameworks */ = {isa = PBXBuildFile; productRef = 71B6950D29EB31C30032E2C8 /* FirebaseAppCheck */; };
		71B6951029EB31C30032E2C8 /* FirebaseAppDistribution-Beta in Frameworks */ = {isa = PBXBuildFile; productRef = 71B6950F29EB31C30032E2C8 /* FirebaseAppDistribution-Beta */; };
		71B6951229EB31C30032E2C8 /* FirebaseAuth in Frameworks */ = {isa = PBXBuildFile; productRef = 71B6951129EB31C30032E2C8 /* FirebaseAuth */; };
		71B6951429EB31C30032E2C8 /* FirebaseAuthCombine-Community in Frameworks */ = {isa = PBXBuildFile; productRef = 71B6951329EB31C30032E2C8 /* FirebaseAuthCombine-Community */; };
		71B6951629EB31C30032E2C8 /* FirebaseCrashlytics in Frameworks */ = {isa = PBXBuildFile; productRef = 71B6951529EB31C30032E2C8 /* FirebaseCrashlytics */; };
		71B6951829EB31C30032E2C8 /* FirebaseDatabase in Frameworks */ = {isa = PBXBuildFile; productRef = 71B6951729EB31C30032E2C8 /* FirebaseDatabase */; };
		71B6951A29EB31C30032E2C8 /* FirebaseDatabaseSwift in Frameworks */ = {isa = PBXBuildFile; productRef = 71B6951929EB31C30032E2C8 /* FirebaseDatabaseSwift */; };
		71B6951C29EB31C30032E2C8 /* FirebaseDynamicLinks in Frameworks */ = {isa = PBXBuildFile; productRef = 71B6951B29EB31C30032E2C8 /* FirebaseDynamicLinks */; };
		71B6951E29EB31C30032E2C8 /* FirebaseFirestore in Frameworks */ = {isa = PBXBuildFile; productRef = 71B6951D29EB31C30032E2C8 /* FirebaseFirestore */; };
		71B6952029EB31C30032E2C8 /* FirebaseFirestoreCombine-Community in Frameworks */ = {isa = PBXBuildFile; productRef = 71B6951F29EB31C30032E2C8 /* FirebaseFirestoreCombine-Community */; };
		71B6952229EB31C30032E2C8 /* FirebaseFirestoreSwift in Frameworks */ = {isa = PBXBuildFile; productRef = 71B6952129EB31C30032E2C8 /* FirebaseFirestoreSwift */; };
		71B6952429EB31C30032E2C8 /* FirebaseFunctions in Frameworks */ = {isa = PBXBuildFile; productRef = 71B6952329EB31C30032E2C8 /* FirebaseFunctions */; };
		71B6952629EB31C30032E2C8 /* FirebaseFunctionsCombine-Community in Frameworks */ = {isa = PBXBuildFile; productRef = 71B6952529EB31C30032E2C8 /* FirebaseFunctionsCombine-Community */; };
		71B6952829EB31C30032E2C8 /* FirebaseInAppMessaging-Beta in Frameworks */ = {isa = PBXBuildFile; productRef = 71B6952729EB31C30032E2C8 /* FirebaseInAppMessaging-Beta */; };
		71B6952A29EB31C30032E2C8 /* FirebaseInAppMessagingSwift-Beta in Frameworks */ = {isa = PBXBuildFile; productRef = 71B6952929EB31C30032E2C8 /* FirebaseInAppMessagingSwift-Beta */; };
		71B6952C29EB31C30032E2C8 /* FirebaseInstallations in Frameworks */ = {isa = PBXBuildFile; productRef = 71B6952B29EB31C30032E2C8 /* FirebaseInstallations */; };
		71B6952E29EB31C30032E2C8 /* FirebaseMLModelDownloader in Frameworks */ = {isa = PBXBuildFile; productRef = 71B6952D29EB31C30032E2C8 /* FirebaseMLModelDownloader */; };
		71B6953029EB31C30032E2C8 /* FirebaseMessaging in Frameworks */ = {isa = PBXBuildFile; productRef = 71B6952F29EB31C30032E2C8 /* FirebaseMessaging */; };
		71B6953229EB31C30032E2C8 /* FirebasePerformance in Frameworks */ = {isa = PBXBuildFile; productRef = 71B6953129EB31C30032E2C8 /* FirebasePerformance */; };
		71B6953429EB31C30032E2C8 /* FirebaseRemoteConfig in Frameworks */ = {isa = PBXBuildFile; productRef = 71B6953329EB31C30032E2C8 /* FirebaseRemoteConfig */; };
		71B6953629EB31C30032E2C8 /* FirebaseRemoteConfigSwift in Frameworks */ = {isa = PBXBuildFile; productRef = 71B6953529EB31C30032E2C8 /* FirebaseRemoteConfigSwift */; };
		71B6953829EB31C30032E2C8 /* FirebaseStorage in Frameworks */ = {isa = PBXBuildFile; productRef = 71B6953729EB31C30032E2C8 /* FirebaseStorage */; };
		71B6953A29EB31C30032E2C8 /* FirebaseStorageCombine-Community in Frameworks */ = {isa = PBXBuildFile; productRef = 71B6953929EB31C30032E2C8 /* FirebaseStorageCombine-Community */; };
/* End PBXBuildFile section */

/* Begin PBXFileReference section */
		714B034429EB1F8C003892B6 /* Login with Firebase.app */ = {isa = PBXFileReference; explicitFileType = wrapper.application; includeInIndex = 0; path = "Login with Firebase.app"; sourceTree = BUILT_PRODUCTS_DIR; };
		714B034729EB1F8C003892B6 /* AppDelegate.swift */ = {isa = PBXFileReference; lastKnownFileType = sourcecode.swift; path = AppDelegate.swift; sourceTree = "<group>"; };
		714B034929EB1F8C003892B6 /* SceneDelegate.swift */ = {isa = PBXFileReference; lastKnownFileType = sourcecode.swift; path = SceneDelegate.swift; sourceTree = "<group>"; };
		714B035029EB1F8C003892B6 /* Assets.xcassets */ = {isa = PBXFileReference; lastKnownFileType = folder.assetcatalog; path = Assets.xcassets; sourceTree = "<group>"; };
		714B035329EB1F8C003892B6 /* Base */ = {isa = PBXFileReference; lastKnownFileType = file.storyboard; name = Base; path = Base.lproj/LaunchScreen.storyboard; sourceTree = "<group>"; };
		714B035529EB1F8C003892B6 /* Info.plist */ = {isa = PBXFileReference; lastKnownFileType = text.plist.xml; path = Info.plist; sourceTree = "<group>"; };
		71B694F429EB2EF00032E2C8 /* LoginViewController.swift */ = {isa = PBXFileReference; lastKnownFileType = sourcecode.swift; path = LoginViewController.swift; sourceTree = "<group>"; };
		71B694F529EB2EF00032E2C8 /* LoginViewController.xib */ = {isa = PBXFileReference; lastKnownFileType = file.xib; path = LoginViewController.xib; sourceTree = "<group>"; };
		71B694F829EB2F160032E2C8 /* HomeViewController.swift */ = {isa = PBXFileReference; lastKnownFileType = sourcecode.swift; path = HomeViewController.swift; sourceTree = "<group>"; };
		71B694F929EB2F160032E2C8 /* HomeViewController.xib */ = {isa = PBXFileReference; lastKnownFileType = file.xib; path = HomeViewController.xib; sourceTree = "<group>"; };
		71B694FC29EB2F2E0032E2C8 /* RegisterViewController.swift */ = {isa = PBXFileReference; lastKnownFileType = sourcecode.swift; path = RegisterViewController.swift; sourceTree = "<group>"; };
		71B694FD29EB2F2E0032E2C8 /* RegisterViewController.xib */ = {isa = PBXFileReference; lastKnownFileType = file.xib; path = RegisterViewController.xib; sourceTree = "<group>"; };
		71B6950229EB30E70032E2C8 /* GoogleService-Info.plist */ = {isa = PBXFileReference; fileEncoding = 4; lastKnownFileType = text.plist.xml; path = "GoogleService-Info.plist"; sourceTree = "<group>"; };
/* End PBXFileReference section */

/* Begin PBXFrameworksBuildPhase section */
		714B034129EB1F8C003892B6 /* Frameworks */ = {
			isa = PBXFrameworksBuildPhase;
			buildActionMask = 2147483647;
			files = (
				71B6951829EB31C30032E2C8 /* FirebaseDatabase in Frameworks */,
				71B6952629EB31C30032E2C8 /* FirebaseFunctionsCombine-Community in Frameworks */,
				71B6951E29EB31C30032E2C8 /* FirebaseFirestore in Frameworks */,
				71B6950A29EB31C30032E2C8 /* FirebaseAnalyticsSwift in Frameworks */,
				71B6950629EB31C30032E2C8 /* FirebaseAnalytics in Frameworks */,
				71B6950829EB31C30032E2C8 /* FirebaseAnalyticsOnDeviceConversion in Frameworks */,
				71B6952E29EB31C30032E2C8 /* FirebaseMLModelDownloader in Frameworks */,
				71B6952229EB31C30032E2C8 /* FirebaseFirestoreSwift in Frameworks */,
				71B6950E29EB31C30032E2C8 /* FirebaseAppCheck in Frameworks */,
				71B6950C29EB31C30032E2C8 /* FirebaseAnalyticsWithoutAdIdSupport in Frameworks */,
				71B6951229EB31C30032E2C8 /* FirebaseAuth in Frameworks */,
				71B6951629EB31C30032E2C8 /* FirebaseCrashlytics in Frameworks */,
				71B6953629EB31C30032E2C8 /* FirebaseRemoteConfigSwift in Frameworks */,
				71B6952829EB31C30032E2C8 /* FirebaseInAppMessaging-Beta in Frameworks */,
				71B6951A29EB31C30032E2C8 /* FirebaseDatabaseSwift in Frameworks */,
				71B6952429EB31C30032E2C8 /* FirebaseFunctions in Frameworks */,
				71B6953A29EB31C30032E2C8 /* FirebaseStorageCombine-Community in Frameworks */,
				71B6953429EB31C30032E2C8 /* FirebaseRemoteConfig in Frameworks */,
				71B6951029EB31C30032E2C8 /* FirebaseAppDistribution-Beta in Frameworks */,
				71B6951429EB31C30032E2C8 /* FirebaseAuthCombine-Community in Frameworks */,
				71B6953229EB31C30032E2C8 /* FirebasePerformance in Frameworks */,
				71B6952A29EB31C30032E2C8 /* FirebaseInAppMessagingSwift-Beta in Frameworks */,
				71B6953829EB31C30032E2C8 /* FirebaseStorage in Frameworks */,
				71B6951C29EB31C30032E2C8 /* FirebaseDynamicLinks in Frameworks */,
				71B6952029EB31C30032E2C8 /* FirebaseFirestoreCombine-Community in Frameworks */,
				71B6953029EB31C30032E2C8 /* FirebaseMessaging in Frameworks */,
				71B6952C29EB31C30032E2C8 /* FirebaseInstallations in Frameworks */,
			);
			runOnlyForDeploymentPostprocessing = 0;
		};
/* End PBXFrameworksBuildPhase section */

/* Begin PBXGroup section */
		714B033B29EB1F8B003892B6 = {
			isa = PBXGroup;
			children = (
				71B6950229EB30E70032E2C8 /* GoogleService-Info.plist */,
				71B694F329EB2ED70032E2C8 /* Controller */,
				71B694F229EB2ECE0032E2C8 /* View */,
				71B694F129EB2EC70032E2C8 /* Model */,
				714B034629EB1F8C003892B6 /* Login with Firebase */,
				714B034529EB1F8C003892B6 /* Products */,
			);
			sourceTree = "<group>";
		};
		714B034529EB1F8C003892B6 /* Products */ = {
			isa = PBXGroup;
			children = (
				714B034429EB1F8C003892B6 /* Login with Firebase.app */,
			);
			name = Products;
			sourceTree = "<group>";
		};
		714B034629EB1F8C003892B6 /* Login with Firebase */ = {
			isa = PBXGroup;
			children = (
				714B034729EB1F8C003892B6 /* AppDelegate.swift */,
				714B034929EB1F8C003892B6 /* SceneDelegate.swift */,
				714B035029EB1F8C003892B6 /* Assets.xcassets */,
				714B035229EB1F8C003892B6 /* LaunchScreen.storyboard */,
				714B035529EB1F8C003892B6 /* Info.plist */,
			);
			path = "Login with Firebase";
			sourceTree = "<group>";
		};
		71B694F129EB2EC70032E2C8 /* Model */ = {
			isa = PBXGroup;
			children = (
			);
			path = Model;
			sourceTree = "<group>";
		};
		71B694F229EB2ECE0032E2C8 /* View */ = {
			isa = PBXGroup;
			children = (
				71B694F529EB2EF00032E2C8 /* LoginViewController.xib */,
				71B694F929EB2F160032E2C8 /* HomeViewController.xib */,
				71B694FD29EB2F2E0032E2C8 /* RegisterViewController.xib */,
			);
			path = View;
			sourceTree = "<group>";
		};
		71B694F329EB2ED70032E2C8 /* Controller */ = {
			isa = PBXGroup;
			children = (
				71B694F429EB2EF00032E2C8 /* LoginViewController.swift */,
				71B694F829EB2F160032E2C8 /* HomeViewController.swift */,
				71B694FC29EB2F2E0032E2C8 /* RegisterViewController.swift */,
			);
			path = Controller;
			sourceTree = "<group>";
		};
/* End PBXGroup section */

/* Begin PBXNativeTarget section */
		714B034329EB1F8C003892B6 /* Login with Firebase */ = {
			isa = PBXNativeTarget;
			buildConfigurationList = 714B035829EB1F8C003892B6 /* Build configuration list for PBXNativeTarget "Login with Firebase" */;
			buildPhases = (
				714B034029EB1F8C003892B6 /* Sources */,
				714B034129EB1F8C003892B6 /* Frameworks */,
				714B034229EB1F8C003892B6 /* Resources */,
			);
			buildRules = (
			);
			dependencies = (
			);
			name = "Login with Firebase";
			packageProductDependencies = (
				71B6950529EB31C30032E2C8 /* FirebaseAnalytics */,
				71B6950729EB31C30032E2C8 /* FirebaseAnalyticsOnDeviceConversion */,
				71B6950929EB31C30032E2C8 /* FirebaseAnalyticsSwift */,
				71B6950B29EB31C30032E2C8 /* FirebaseAnalyticsWithoutAdIdSupport */,
				71B6950D29EB31C30032E2C8 /* FirebaseAppCheck */,
				71B6950F29EB31C30032E2C8 /* FirebaseAppDistribution-Beta */,
				71B6951129EB31C30032E2C8 /* FirebaseAuth */,
				71B6951329EB31C30032E2C8 /* FirebaseAuthCombine-Community */,
				71B6951529EB31C30032E2C8 /* FirebaseCrashlytics */,
				71B6951729EB31C30032E2C8 /* FirebaseDatabase */,
				71B6951929EB31C30032E2C8 /* FirebaseDatabaseSwift */,
				71B6951B29EB31C30032E2C8 /* FirebaseDynamicLinks */,
				71B6951D29EB31C30032E2C8 /* FirebaseFirestore */,
				71B6951F29EB31C30032E2C8 /* FirebaseFirestoreCombine-Community */,
				71B6952129EB31C30032E2C8 /* FirebaseFirestoreSwift */,
				71B6952329EB31C30032E2C8 /* FirebaseFunctions */,
				71B6952529EB31C30032E2C8 /* FirebaseFunctionsCombine-Community */,
				71B6952729EB31C30032E2C8 /* FirebaseInAppMessaging-Beta */,
				71B6952929EB31C30032E2C8 /* FirebaseInAppMessagingSwift-Beta */,
				71B6952B29EB31C30032E2C8 /* FirebaseInstallations */,
				71B6952D29EB31C30032E2C8 /* FirebaseMLModelDownloader */,
				71B6952F29EB31C30032E2C8 /* FirebaseMessaging */,
				71B6953129EB31C30032E2C8 /* FirebasePerformance */,
				71B6953329EB31C30032E2C8 /* FirebaseRemoteConfig */,
				71B6953529EB31C30032E2C8 /* FirebaseRemoteConfigSwift */,
				71B6953729EB31C30032E2C8 /* FirebaseStorage */,
				71B6953929EB31C30032E2C8 /* FirebaseStorageCombine-Community */,
			);
			productName = "Login with Firebase";
			productReference = 714B034429EB1F8C003892B6 /* Login with Firebase.app */;
			productType = "com.apple.product-type.application";
		};
/* End PBXNativeTarget section */

/* Begin PBXProject section */
		714B033C29EB1F8B003892B6 /* Project object */ = {
			isa = PBXProject;
			attributes = {
				BuildIndependentTargetsInParallel = 1;
				LastSwiftUpdateCheck = 1420;
				LastUpgradeCheck = 1420;
				TargetAttributes = {
					714B034329EB1F8C003892B6 = {
						CreatedOnToolsVersion = 14.2;
					};
				};
			};
			buildConfigurationList = 714B033F29EB1F8B003892B6 /* Build configuration list for PBXProject "Login with Firebase" */;
			compatibilityVersion = "Xcode 14.0";
			developmentRegion = en;
			hasScannedForEncodings = 0;
			knownRegions = (
				en,
				Base,
			);
			mainGroup = 714B033B29EB1F8B003892B6;
			packageReferences = (
				71B6950429EB31C30032E2C8 /* XCRemoteSwiftPackageReference "firebase-ios-sdk" */,
			);
			productRefGroup = 714B034529EB1F8C003892B6 /* Products */;
			projectDirPath = "";
			projectRoot = "";
			targets = (
				714B034329EB1F8C003892B6 /* Login with Firebase */,
			);
		};
/* End PBXProject section */

/* Begin PBXResourcesBuildPhase section */
		714B034229EB1F8C003892B6 /* Resources */ = {
			isa = PBXResourcesBuildPhase;
			buildActionMask = 2147483647;
			files = (
				714B035429EB1F8C003892B6 /* LaunchScreen.storyboard in Resources */,
				71B694FF29EB2F2E0032E2C8 /* RegisterViewController.xib in Resources */,
				714B035129EB1F8C003892B6 /* Assets.xcassets in Resources */,
				71B694F729EB2EF00032E2C8 /* LoginViewController.xib in Resources */,
				71B694FB29EB2F160032E2C8 /* HomeViewController.xib in Resources */,
				71B6950329EB30E70032E2C8 /* GoogleService-Info.plist in Resources */,
			);
			runOnlyForDeploymentPostprocessing = 0;
		};
/* End PBXResourcesBuildPhase section */

/* Begin PBXSourcesBuildPhase section */
		714B034029EB1F8C003892B6 /* Sources */ = {
			isa = PBXSourcesBuildPhase;
			buildActionMask = 2147483647;
			files = (
				71B694F629EB2EF00032E2C8 /* LoginViewController.swift in Sources */,
				71B694FE29EB2F2E0032E2C8 /* RegisterViewController.swift in Sources */,
				714B034829EB1F8C003892B6 /* AppDelegate.swift in Sources */,
				714B034A29EB1F8C003892B6 /* SceneDelegate.swift in Sources */,
				71B694FA29EB2F160032E2C8 /* HomeViewController.swift in Sources */,
			);
			runOnlyForDeploymentPostprocessing = 0;
		};
/* End PBXSourcesBuildPhase section */

/* Begin PBXVariantGroup section */
		714B035229EB1F8C003892B6 /* LaunchScreen.storyboard */ = {
			isa = PBXVariantGroup;
			children = (
				714B035329EB1F8C003892B6 /* Base */,
			);
			name = LaunchScreen.storyboard;
			sourceTree = "<group>";
		};
/* End PBXVariantGroup section */

/* Begin XCBuildConfiguration section */
		714B035629EB1F8C003892B6 /* Debug */ = {
			isa = XCBuildConfiguration;
			buildSettings = {
				ALWAYS_SEARCH_USER_PATHS = NO;
				CLANG_ANALYZER_NONNULL = YES;
				CLANG_ANALYZER_NUMBER_OBJECT_CONVERSION = YES_AGGRESSIVE;
				CLANG_CXX_LANGUAGE_STANDARD = "gnu++20";
				CLANG_ENABLE_MODULES = YES;
				CLANG_ENABLE_OBJC_ARC = YES;
				CLANG_ENABLE_OBJC_WEAK = YES;
				CLANG_WARN_BLOCK_CAPTURE_AUTORELEASING = YES;
				CLANG_WARN_BOOL_CONVERSION = YES;
				CLANG_WARN_COMMA = YES;
				CLANG_WARN_CONSTANT_CONVERSION = YES;
				CLANG_WARN_DEPRECATED_OBJC_IMPLEMENTATIONS = YES;
				CLANG_WARN_DIRECT_OBJC_ISA_USAGE = YES_ERROR;
				CLANG_WARN_DOCUMENTATION_COMMENTS = YES;
				CLANG_WARN_EMPTY_BODY = YES;
				CLANG_WARN_ENUM_CONVERSION = YES;
				CLANG_WARN_INFINITE_RECURSION = YES;
				CLANG_WARN_INT_CONVERSION = YES;
				CLANG_WARN_NON_LITERAL_NULL_CONVERSION = YES;
				CLANG_WARN_OBJC_IMPLICIT_RETAIN_SELF = YES;
				CLANG_WARN_OBJC_LITERAL_CONVERSION = YES;
				CLANG_WARN_OBJC_ROOT_CLASS = YES_ERROR;
				CLANG_WARN_QUOTED_INCLUDE_IN_FRAMEWORK_HEADER = YES;
				CLANG_WARN_RANGE_LOOP_ANALYSIS = YES;
				CLANG_WARN_STRICT_PROTOTYPES = YES;
				CLANG_WARN_SUSPICIOUS_MOVE = YES;
				CLANG_WARN_UNGUARDED_AVAILABILITY = YES_AGGRESSIVE;
				CLANG_WARN_UNREACHABLE_CODE = YES;
				CLANG_WARN__DUPLICATE_METHOD_MATCH = YES;
				COPY_PHASE_STRIP = NO;
				DEBUG_INFORMATION_FORMAT = dwarf;
				ENABLE_STRICT_OBJC_MSGSEND = YES;
				ENABLE_TESTABILITY = YES;
				GCC_C_LANGUAGE_STANDARD = gnu11;
				GCC_DYNAMIC_NO_PIC = NO;
				GCC_NO_COMMON_BLOCKS = YES;
				GCC_OPTIMIZATION_LEVEL = 0;
				GCC_PREPROCESSOR_DEFINITIONS = (
					"DEBUG=1",
					"$(inherited)",
				);
				GCC_WARN_64_TO_32_BIT_CONVERSION = YES;
				GCC_WARN_ABOUT_RETURN_TYPE = YES_ERROR;
				GCC_WARN_UNDECLARED_SELECTOR = YES;
				GCC_WARN_UNINITIALIZED_AUTOS = YES_AGGRESSIVE;
				GCC_WARN_UNUSED_FUNCTION = YES;
				GCC_WARN_UNUSED_VARIABLE = YES;
				IPHONEOS_DEPLOYMENT_TARGET = 16.2;
				MTL_ENABLE_DEBUG_INFO = INCLUDE_SOURCE;
				MTL_FAST_MATH = YES;
				ONLY_ACTIVE_ARCH = YES;
				SDKROOT = iphoneos;
				SWIFT_ACTIVE_COMPILATION_CONDITIONS = DEBUG;
				SWIFT_OPTIMIZATION_LEVEL = "-Onone";
			};
			name = Debug;
		};
		714B035729EB1F8C003892B6 /* Release */ = {
			isa = XCBuildConfiguration;
			buildSettings = {
				ALWAYS_SEARCH_USER_PATHS = NO;
				CLANG_ANALYZER_NONNULL = YES;
				CLANG_ANALYZER_NUMBER_OBJECT_CONVERSION = YES_AGGRESSIVE;
				CLANG_CXX_LANGUAGE_STANDARD = "gnu++20";
				CLANG_ENABLE_MODULES = YES;
				CLANG_ENABLE_OBJC_ARC = YES;
				CLANG_ENABLE_OBJC_WEAK = YES;
				CLANG_WARN_BLOCK_CAPTURE_AUTORELEASING = YES;
				CLANG_WARN_BOOL_CONVERSION = YES;
				CLANG_WARN_COMMA = YES;
				CLANG_WARN_CONSTANT_CONVERSION = YES;
				CLANG_WARN_DEPRECATED_OBJC_IMPLEMENTATIONS = YES;
				CLANG_WARN_DIRECT_OBJC_ISA_USAGE = YES_ERROR;
				CLANG_WARN_DOCUMENTATION_COMMENTS = YES;
				CLANG_WARN_EMPTY_BODY = YES;
				CLANG_WARN_ENUM_CONVERSION = YES;
				CLANG_WARN_INFINITE_RECURSION = YES;
				CLANG_WARN_INT_CONVERSION = YES;
				CLANG_WARN_NON_LITERAL_NULL_CONVERSION = YES;
				CLANG_WARN_OBJC_IMPLICIT_RETAIN_SELF = YES;
				CLANG_WARN_OBJC_LITERAL_CONVERSION = YES;
				CLANG_WARN_OBJC_ROOT_CLASS = YES_ERROR;
				CLANG_WARN_QUOTED_INCLUDE_IN_FRAMEWORK_HEADER = YES;
				CLANG_WARN_RANGE_LOOP_ANALYSIS = YES;
				CLANG_WARN_STRICT_PROTOTYPES = YES;
				CLANG_WARN_SUSPICIOUS_MOVE = YES;
				CLANG_WARN_UNGUARDED_AVAILABILITY = YES_AGGRESSIVE;
				CLANG_WARN_UNREACHABLE_CODE = YES;
				CLANG_WARN__DUPLICATE_METHOD_MATCH = YES;
				COPY_PHASE_STRIP = NO;
				DEBUG_INFORMATION_FORMAT = "dwarf-with-dsym";
				ENABLE_NS_ASSERTIONS = NO;
				ENABLE_STRICT_OBJC_MSGSEND = YES;
				GCC_C_LANGUAGE_STANDARD = gnu11;
				GCC_NO_COMMON_BLOCKS = YES;
				GCC_WARN_64_TO_32_BIT_CONVERSION = YES;
				GCC_WARN_ABOUT_RETURN_TYPE = YES_ERROR;
				GCC_WARN_UNDECLARED_SELECTOR = YES;
				GCC_WARN_UNINITIALIZED_AUTOS = YES_AGGRESSIVE;
				GCC_WARN_UNUSED_FUNCTION = YES;
				GCC_WARN_UNUSED_VARIABLE = YES;
				IPHONEOS_DEPLOYMENT_TARGET = 16.2;
				MTL_ENABLE_DEBUG_INFO = NO;
				MTL_FAST_MATH = YES;
				SDKROOT = iphoneos;
				SWIFT_COMPILATION_MODE = wholemodule;
				SWIFT_OPTIMIZATION_LEVEL = "-O";
				VALIDATE_PRODUCT = YES;
			};
			name = Release;
		};
		714B035929EB1F8C003892B6 /* Debug */ = {
			isa = XCBuildConfiguration;
			buildSettings = {
				ASSETCATALOG_COMPILER_APPICON_NAME = AppIcon;
				ASSETCATALOG_COMPILER_GLOBAL_ACCENT_COLOR_NAME = AccentColor;
				CODE_SIGN_STYLE = Automatic;
				CURRENT_PROJECT_VERSION = 1;
				DEVELOPMENT_TEAM = KS2MULFBQN;
				GENERATE_INFOPLIST_FILE = YES;
				INFOPLIST_FILE = "Login with Firebase/Info.plist";
				INFOPLIST_KEY_UIApplicationSupportsIndirectInputEvents = YES;
				INFOPLIST_KEY_UILaunchStoryboardName = LaunchScreen;
				INFOPLIST_KEY_UIMainStoryboardFile = "";
				INFOPLIST_KEY_UISupportedInterfaceOrientations_iPad = "UIInterfaceOrientationPortrait UIInterfaceOrientationPortraitUpsideDown UIInterfaceOrientationLandscapeLeft UIInterfaceOrientationLandscapeRight";
				INFOPLIST_KEY_UISupportedInterfaceOrientations_iPhone = "UIInterfaceOrientationPortrait UIInterfaceOrientationLandscapeLeft UIInterfaceOrientationLandscapeRight";
				LD_RUNPATH_SEARCH_PATHS = (
					"$(inherited)",
					"@executable_path/Frameworks",
				);
				MARKETING_VERSION = 1.0;
				PRODUCT_BUNDLE_IDENTIFIER = "com.marinaandres.Login-with-Firebase";
				PRODUCT_NAME = "$(TARGET_NAME)";
				SWIFT_EMIT_LOC_STRINGS = YES;
				SWIFT_VERSION = 5.0;
				TARGETED_DEVICE_FAMILY = "1,2";
			};
			name = Debug;
		};
		714B035A29EB1F8C003892B6 /* Release */ = {
			isa = XCBuildConfiguration;
			buildSettings = {
				ASSETCATALOG_COMPILER_APPICON_NAME = AppIcon;
				ASSETCATALOG_COMPILER_GLOBAL_ACCENT_COLOR_NAME = AccentColor;
				CODE_SIGN_STYLE = Automatic;
				CURRENT_PROJECT_VERSION = 1;
				DEVELOPMENT_TEAM = KS2MULFBQN;
				GENERATE_INFOPLIST_FILE = YES;
				INFOPLIST_FILE = "Login with Firebase/Info.plist";
				INFOPLIST_KEY_UIApplicationSupportsIndirectInputEvents = YES;
				INFOPLIST_KEY_UILaunchStoryboardName = LaunchScreen;
				INFOPLIST_KEY_UIMainStoryboardFile = "";
				INFOPLIST_KEY_UISupportedInterfaceOrientations_iPad = "UIInterfaceOrientationPortrait UIInterfaceOrientationPortraitUpsideDown UIInterfaceOrientationLandscapeLeft UIInterfaceOrientationLandscapeRight";
				INFOPLIST_KEY_UISupportedInterfaceOrientations_iPhone = "UIInterfaceOrientationPortrait UIInterfaceOrientationLandscapeLeft UIInterfaceOrientationLandscapeRight";
				LD_RUNPATH_SEARCH_PATHS = (
					"$(inherited)",
					"@executable_path/Frameworks",
				);
				MARKETING_VERSION = 1.0;
				PRODUCT_BUNDLE_IDENTIFIER = "com.marinaandres.Login-with-Firebase";
				PRODUCT_NAME = "$(TARGET_NAME)";
				SWIFT_EMIT_LOC_STRINGS = YES;
				SWIFT_VERSION = 5.0;
				TARGETED_DEVICE_FAMILY = "1,2";
			};
			name = Release;
		};
/* End XCBuildConfiguration section */

/* Begin XCConfigurationList section */
		714B033F29EB1F8B003892B6 /* Build configuration list for PBXProject "Login with Firebase" */ = {
			isa = XCConfigurationList;
			buildConfigurations = (
				714B035629EB1F8C003892B6 /* Debug */,
				714B035729EB1F8C003892B6 /* Release */,
			);
			defaultConfigurationIsVisible = 0;
			defaultConfigurationName = Release;
		};
		714B035829EB1F8C003892B6 /* Build configuration list for PBXNativeTarget "Login with Firebase" */ = {
			isa = XCConfigurationList;
			buildConfigurations = (
				714B035929EB1F8C003892B6 /* Debug */,
				714B035A29EB1F8C003892B6 /* Release */,
			);
			defaultConfigurationIsVisible = 0;
			defaultConfigurationName = Release;
		};
/* End XCConfigurationList section */

/* Begin XCRemoteSwiftPackageReference section */
		71B6950429EB31C30032E2C8 /* XCRemoteSwiftPackageReference "firebase-ios-sdk" */ = {
			isa = XCRemoteSwiftPackageReference;
			repositoryURL = "https://github.com/firebase/firebase-ios-sdk";
			requirement = {
				kind = upToNextMajorVersion;
				minimumVersion = 9.0.0;
			};
		};
/* End XCRemoteSwiftPackageReference section */

/* Begin XCSwiftPackageProductDependency section */
		71B6950529EB31C30032E2C8 /* FirebaseAnalytics */ = {
			isa = XCSwiftPackageProductDependency;
			package = 71B6950429EB31C30032E2C8 /* XCRemoteSwiftPackageReference "firebase-ios-sdk" */;
			productName = FirebaseAnalytics;
		};
		71B6950729EB31C30032E2C8 /* FirebaseAnalyticsOnDeviceConversion */ = {
			isa = XCSwiftPackageProductDependency;
			package = 71B6950429EB31C30032E2C8 /* XCRemoteSwiftPackageReference "firebase-ios-sdk" */;
			productName = FirebaseAnalyticsOnDeviceConversion;
		};
		71B6950929EB31C30032E2C8 /* FirebaseAnalyticsSwift */ = {
			isa = XCSwiftPackageProductDependency;
			package = 71B6950429EB31C30032E2C8 /* XCRemoteSwiftPackageReference "firebase-ios-sdk" */;
			productName = FirebaseAnalyticsSwift;
		};
		71B6950B29EB31C30032E2C8 /* FirebaseAnalyticsWithoutAdIdSupport */ = {
			isa = XCSwiftPackageProductDependency;
			package = 71B6950429EB31C30032E2C8 /* XCRemoteSwiftPackageReference "firebase-ios-sdk" */;
			productName = FirebaseAnalyticsWithoutAdIdSupport;
		};
		71B6950D29EB31C30032E2C8 /* FirebaseAppCheck */ = {
			isa = XCSwiftPackageProductDependency;
			package = 71B6950429EB31C30032E2C8 /* XCRemoteSwiftPackageReference "firebase-ios-sdk" */;
			productName = FirebaseAppCheck;
		};
		71B6950F29EB31C30032E2C8 /* FirebaseAppDistribution-Beta */ = {
			isa = XCSwiftPackageProductDependency;
			package = 71B6950429EB31C30032E2C8 /* XCRemoteSwiftPackageReference "firebase-ios-sdk" */;
			productName = "FirebaseAppDistribution-Beta";
		};
		71B6951129EB31C30032E2C8 /* FirebaseAuth */ = {
			isa = XCSwiftPackageProductDependency;
			package = 71B6950429EB31C30032E2C8 /* XCRemoteSwiftPackageReference "firebase-ios-sdk" */;
			productName = FirebaseAuth;
		};
		71B6951329EB31C30032E2C8 /* FirebaseAuthCombine-Community */ = {
			isa = XCSwiftPackageProductDependency;
			package = 71B6950429EB31C30032E2C8 /* XCRemoteSwiftPackageReference "firebase-ios-sdk" */;
			productName = "FirebaseAuthCombine-Community";
		};
		71B6951529EB31C30032E2C8 /* FirebaseCrashlytics */ = {
			isa = XCSwiftPackageProductDependency;
			package = 71B6950429EB31C30032E2C8 /* XCRemoteSwiftPackageReference "firebase-ios-sdk" */;
			productName = FirebaseCrashlytics;
		};
		71B6951729EB31C30032E2C8 /* FirebaseDatabase */ = {
			isa = XCSwiftPackageProductDependency;
			package = 71B6950429EB31C30032E2C8 /* XCRemoteSwiftPackageReference "firebase-ios-sdk" */;
			productName = FirebaseDatabase;
		};
		71B6951929EB31C30032E2C8 /* FirebaseDatabaseSwift */ = {
			isa = XCSwiftPackageProductDependency;
			package = 71B6950429EB31C30032E2C8 /* XCRemoteSwiftPackageReference "firebase-ios-sdk" */;
			productName = FirebaseDatabaseSwift;
		};
		71B6951B29EB31C30032E2C8 /* FirebaseDynamicLinks */ = {
			isa = XCSwiftPackageProductDependency;
			package = 71B6950429EB31C30032E2C8 /* XCRemoteSwiftPackageReference "firebase-ios-sdk" */;
			productName = FirebaseDynamicLinks;
		};
		71B6951D29EB31C30032E2C8 /* FirebaseFirestore */ = {
			isa = XCSwiftPackageProductDependency;
			package = 71B6950429EB31C30032E2C8 /* XCRemoteSwiftPackageReference "firebase-ios-sdk" */;
			productName = FirebaseFirestore;
		};
		71B6951F29EB31C30032E2C8 /* FirebaseFirestoreCombine-Community */ = {
			isa = XCSwiftPackageProductDependency;
			package = 71B6950429EB31C30032E2C8 /* XCRemoteSwiftPackageReference "firebase-ios-sdk" */;
			productName = "FirebaseFirestoreCombine-Community";
		};
		71B6952129EB31C30032E2C8 /* FirebaseFirestoreSwift */ = {
			isa = XCSwiftPackageProductDependency;
			package = 71B6950429EB31C30032E2C8 /* XCRemoteSwiftPackageReference "firebase-ios-sdk" */;
			productName = FirebaseFirestoreSwift;
		};
		71B6952329EB31C30032E2C8 /* FirebaseFunctions */ = {
			isa = XCSwiftPackageProductDependency;
			package = 71B6950429EB31C30032E2C8 /* XCRemoteSwiftPackageReference "firebase-ios-sdk" */;
			productName = FirebaseFunctions;
		};
		71B6952529EB31C30032E2C8 /* FirebaseFunctionsCombine-Community */ = {
			isa = XCSwiftPackageProductDependency;
			package = 71B6950429EB31C30032E2C8 /* XCRemoteSwiftPackageReference "firebase-ios-sdk" */;
			productName = "FirebaseFunctionsCombine-Community";
		};
		71B6952729EB31C30032E2C8 /* FirebaseInAppMessaging-Beta */ = {
			isa = XCSwiftPackageProductDependency;
			package = 71B6950429EB31C30032E2C8 /* XCRemoteSwiftPackageReference "firebase-ios-sdk" */;
			productName = "FirebaseInAppMessaging-Beta";
		};
		71B6952929EB31C30032E2C8 /* FirebaseInAppMessagingSwift-Beta */ = {
			isa = XCSwiftPackageProductDependency;
			package = 71B6950429EB31C30032E2C8 /* XCRemoteSwiftPackageReference "firebase-ios-sdk" */;
			productName = "FirebaseInAppMessagingSwift-Beta";
		};
		71B6952B29EB31C30032E2C8 /* FirebaseInstallations */ = {
			isa = XCSwiftPackageProductDependency;
			package = 71B6950429EB31C30032E2C8 /* XCRemoteSwiftPackageReference "firebase-ios-sdk" */;
			productName = FirebaseInstallations;
		};
		71B6952D29EB31C30032E2C8 /* FirebaseMLModelDownloader */ = {
			isa = XCSwiftPackageProductDependency;
			package = 71B6950429EB31C30032E2C8 /* XCRemoteSwiftPackageReference "firebase-ios-sdk" */;
			productName = FirebaseMLModelDownloader;
		};
		71B6952F29EB31C30032E2C8 /* FirebaseMessaging */ = {
			isa = XCSwiftPackageProductDependency;
			package = 71B6950429EB31C30032E2C8 /* XCRemoteSwiftPackageReference "firebase-ios-sdk" */;
			productName = FirebaseMessaging;
		};
		71B6953129EB31C30032E2C8 /* FirebasePerformance */ = {
			isa = XCSwiftPackageProductDependency;
			package = 71B6950429EB31C30032E2C8 /* XCRemoteSwiftPackageReference "firebase-ios-sdk" */;
			productName = FirebasePerformance;
		};
		71B6953329EB31C30032E2C8 /* FirebaseRemoteConfig */ = {
			isa = XCSwiftPackageProductDependency;
			package = 71B6950429EB31C30032E2C8 /* XCRemoteSwiftPackageReference "firebase-ios-sdk" */;
			productName = FirebaseRemoteConfig;
		};
		71B6953529EB31C30032E2C8 /* FirebaseRemoteConfigSwift */ = {
			isa = XCSwiftPackageProductDependency;
			package = 71B6950429EB31C30032E2C8 /* XCRemoteSwiftPackageReference "firebase-ios-sdk" */;
			productName = FirebaseRemoteConfigSwift;
		};
		71B6953729EB31C30032E2C8 /* FirebaseStorage */ = {
			isa = XCSwiftPackageProductDependency;
			package = 71B6950429EB31C30032E2C8 /* XCRemoteSwiftPackageReference "firebase-ios-sdk" */;
			productName = FirebaseStorage;
		};
		71B6953929EB31C30032E2C8 /* FirebaseStorageCombine-Community */ = {
			isa = XCSwiftPackageProductDependency;
			package = 71B6950429EB31C30032E2C8 /* XCRemoteSwiftPackageReference "firebase-ios-sdk" */;
			productName = "FirebaseStorageCombine-Community";
		};
/* End XCSwiftPackageProductDependency section */
	};
	rootObject = 714B033C29EB1F8B003892B6 /* Project object */;
}
